
Microsoft Visual Studio Solution File, Format Version 12.00
# Visual Studio Version 16
VisualStudioVersion = 16.0.29509.3
MinimumVisualStudioVersion = 10.0.40219.1
Project("{FAE04EC0-301F-11D3-BF4B-00C04F79EFBC}") = "LawIT", "LawIT\LawIT.csproj", "{857A46B1-7EB0-40DC-846D-3A492575C72A}"
EndProject
Global
	GlobalSection(SolutionConfigurationPlatforms) = preSolution
		Debug|Any CPU = Debug|Any CPU
		Release|Any CPU = Release|Any CPU
	EndGlobalSection
	GlobalSection(ProjectConfigurationPlatforms) = postSolution
		{857A46B1-7EB0-40DC-846D-3A492575C72A}.Debug|Any CPU.ActiveCfg = Debug|Any CPU
		{857A46B1-7EB0-40DC-846D-3A492575C72A}.Debug|Any CPU.Build.0 = Debug|Any CPU
		{857A46B1-7EB0-40DC-846D-3A492575C72A}.Release|Any CPU.ActiveCfg = Release|Any CPU
		{857A46B1-7EB0-40DC-846D-3A492575C72A}.Release|Any CPU.Build.0 = Release|Any CPU
	EndGlobalSection
	GlobalSection(SolutionProperties) = preSolution
		HideSolutionNode = FALSE
	EndGlobalSection
	GlobalSection(ExtensibilityGlobals) = postSolution
		SolutionGuid = {1D23B78B-E0F5-4F50-99B0-53F217750D05}
	EndGlobalSection
EndGlobal
